
Microsoft Visual Studio Solution File, Format Version 12.00
# Visual Studio Version 17
VisualStudioVersion = 17.4.33103.184
MinimumVisualStudioVersion = 10.0.40219.1
Project("{FAE04EC0-301F-11D3-BF4B-00C04F79EFBC}") = "Compaction", "Compaction.csproj", "{884A53E0-FF90-44E6-A01D-09AB5728D35A}"
EndProject
Global
	GlobalSection(SolutionConfigurationPlatforms) = preSolution
		Debug|Any CPU = Debug|Any CPU
		Release|Any CPU = Release|Any CPU
	EndGlobalSection
	GlobalSection(ProjectConfigurationPlatforms) = postSolution
		{884A53E0-FF90-44E6-A01D-09AB5728D35A}.Debug|Any CPU.ActiveCfg = Debug|Any CPU
		{884A53E0-FF90-44E6-A01D-09AB5728D35A}.Debug|Any CPU.Build.0 = Debug|Any CPU
		{884A53E0-FF90-44E6-A01D-09AB5728D35A}.Release|Any CPU.ActiveCfg = Release|Any CPU
		{884A53E0-FF90-44E6-A01D-09AB5728D35A}.Release|Any CPU.Build.0 = Release|Any CPU
	EndGlobalSection
	GlobalSection(SolutionProperties) = preSolution
		HideSolutionNode = FALSE
	EndGlobalSection
	GlobalSection(ExtensibilityGlobals) = postSolution
		SolutionGuid = {C865833A-D244-43F6-A1A1-A8BA2FF42BB6}
	EndGlobalSection
EndGlobal
